<?xml version="1.0" encoding="UTF-8"?>
<!DOCTYPE plist PUBLIC "-//Apple//DTD PLIST 1.0//EN" "http://www.apple.com/DTDs/PropertyList-1.0.dtd">
<plist version="1.0">
<dict>
	<key>archiveVersion</key>
	<string>1</string>
	<key>classes</key>
	<dict/>
	<key>objectVersion</key>
	<string>46</string>
	<key>objects</key>
	<dict>
		<key>0CEEA37AEE4F9D43E4448479</key>
		<dict>
			<key>includeInIndex</key>
			<string>1</string>
			<key>isa</key>
			<string>PBXFileReference</string>
			<key>lastKnownFileType</key>
			<string>text.xcconfig</string>
			<key>name</key>
			<string>Pods.debug.xcconfig</string>
			<key>path</key>
			<string>Pods/Target Support Files/Pods/Pods.debug.xcconfig</string>
			<key>sourceTree</key>
			<string>&lt;group&gt;</string>
		</dict>
		<key>14F9F27A8E3A961BB7C57AE4</key>
		<dict>
			<key>children</key>
			<array>
				<string>A2995E7F0014828323DF5AF3</string>
			</array>
			<key>isa</key>
			<string>PBXGroup</string>
			<key>name</key>
			<string>Frameworks</string>
			<key>sourceTree</key>
			<string>&lt;group&gt;</string>
		</dict>
		<key>1C0BF94063EAC3D50CD2117A</key>
		<dict>
			<key>children</key>
			<array>
				<string>0CEEA37AEE4F9D43E4448479</string>
				<string>802A45B5E9CEB0C12EFE5F28</string>
			</array>
			<key>isa</key>
			<string>PBXGroup</string>
			<key>name</key>
			<string>Pods</string>
			<key>sourceTree</key>
			<string>&lt;group&gt;</string>
		</dict>
		<key>499B915DF617AB9A75EE53AC</key>
		<dict>
			<key>fileRef</key>
			<string>A2995E7F0014828323DF5AF3</string>
			<key>isa</key>
			<string>PBXBuildFile</string>
		</dict>
		<key>5A1BF63486FA87BF75012FCF</key>
		<dict>
			<key>buildActionMask</key>
			<string>2147483647</string>
			<key>files</key>
			<array/>
			<key>inputPaths</key>
			<array/>
			<key>isa</key>
			<string>PBXShellScriptBuildPhase</string>
			<key>name</key>
			<string>Copy Pods Resources</string>
			<key>outputPaths</key>
			<array/>
			<key>runOnlyForDeploymentPostprocessing</key>
			<string>0</string>
			<key>shellPath</key>
			<string>/bin/sh</string>
			<key>shellScript</key>
			<string>"${SRCROOT}/Pods/Target Support Files/Pods/Pods-resources.sh"
</string>
			<key>showEnvVarsInLog</key>
			<string>0</string>
		</dict>
		<key>802A45B5E9CEB0C12EFE5F28</key>
		<dict>
			<key>includeInIndex</key>
			<string>1</string>
			<key>isa</key>
			<string>PBXFileReference</string>
			<key>lastKnownFileType</key>
			<string>text.xcconfig</string>
			<key>name</key>
			<string>Pods.release.xcconfig</string>
			<key>path</key>
			<string>Pods/Target Support Files/Pods/Pods.release.xcconfig</string>
			<key>sourceTree</key>
			<string>&lt;group&gt;</string>
		</dict>
		<key>A2995E7F0014828323DF5AF3</key>
		<dict>
			<key>explicitFileType</key>
			<string>archive.ar</string>
			<key>includeInIndex</key>
			<string>0</string>
			<key>isa</key>
			<string>PBXFileReference</string>
			<key>path</key>
			<string>libPods.a</string>
			<key>sourceTree</key>
			<string>BUILT_PRODUCTS_DIR</string>
		</dict>
		<key>C11B4DA619FFD7A50058C794</key>
		<dict>
			<key>children</key>
			<array>
				<string>C12D904519FFEE7E001497F7</string>
				<string>C11B4DB019FFD7F40058C794</string>
				<string>C11B4DB119FFD7F40058C794</string>
				<string>C11B4DB219FFD7F40058C794</string>
				<string>C11B4DB319FFD7F40058C794</string>
				<string>C11B4DB419FFD7F40058C794</string>
				<string>C11B4DB519FFD7F40058C794</string>
				<string>C15200CC1A30C3AC00F7E970</string>
				<string>C15200CD1A30C3AC00F7E970</string>
			</array>
			<key>isa</key>
			<string>PBXGroup</string>
			<key>name</key>
			<string>PQFCustomLoaders</string>
			<key>sourceTree</key>
			<string>&lt;group&gt;</string>
		</dict>
		<key>C11B4DB019FFD7F40058C794</key>
		<dict>
			<key>fileEncoding</key>
			<string>4</string>
			<key>isa</key>
			<string>PBXFileReference</string>
			<key>lastKnownFileType</key>
			<string>sourcecode.c.h</string>
			<key>name</key>
			<string>PQFBarsInCircle.h</string>
			<key>path</key>
			<string>../../PQFCustomLoaders/PQFBarsInCircle.h</string>
			<key>sourceTree</key>
			<string>&lt;group&gt;</string>
		</dict>
		<key>C11B4DB119FFD7F40058C794</key>
		<dict>
			<key>fileEncoding</key>
			<string>4</string>
			<key>isa</key>
			<string>PBXFileReference</string>
			<key>lastKnownFileType</key>
			<string>sourcecode.c.objc</string>
			<key>name</key>
			<string>PQFBarsInCircle.m</string>
			<key>path</key>
			<string>../../PQFCustomLoaders/PQFBarsInCircle.m</string>
			<key>sourceTree</key>
			<string>&lt;group&gt;</string>
		</dict>
		<key>C11B4DB219FFD7F40058C794</key>
		<dict>
			<key>fileEncoding</key>
			<string>4</string>
			<key>isa</key>
			<string>PBXFileReference</string>
			<key>lastKnownFileType</key>
			<string>sourcecode.c.h</string>
			<key>name</key>
			<string>PQFBouncingBalls.h</string>
			<key>path</key>
			<string>../../PQFCustomLoaders/PQFBouncingBalls.h</string>
			<key>sourceTree</key>
			<string>&lt;group&gt;</string>
		</dict>
		<key>C11B4DB319FFD7F40058C794</key>
		<dict>
			<key>fileEncoding</key>
			<string>4</string>
			<key>isa</key>
			<string>PBXFileReference</string>
			<key>lastKnownFileType</key>
			<string>sourcecode.c.objc</string>
			<key>name</key>
			<string>PQFBouncingBalls.m</string>
			<key>path</key>
			<string>../../PQFCustomLoaders/PQFBouncingBalls.m</string>
			<key>sourceTree</key>
			<string>&lt;group&gt;</string>
		</dict>
		<key>C11B4DB419FFD7F40058C794</key>
		<dict>
			<key>fileEncoding</key>
			<string>4</string>
			<key>isa</key>
			<string>PBXFileReference</string>
			<key>lastKnownFileType</key>
			<string>sourcecode.c.h</string>
			<key>name</key>
			<string>PQFCirclesInTriangle.h</string>
			<key>path</key>
			<string>../../PQFCustomLoaders/PQFCirclesInTriangle.h</string>
			<key>sourceTree</key>
			<string>&lt;group&gt;</string>
		</dict>
		<key>C11B4DB519FFD7F40058C794</key>
		<dict>
			<key>fileEncoding</key>
			<string>4</string>
			<key>isa</key>
			<string>PBXFileReference</string>
			<key>lastKnownFileType</key>
			<string>sourcecode.c.objc</string>
			<key>name</key>
			<string>PQFCirclesInTriangle.m</string>
			<key>path</key>
			<string>../../PQFCustomLoaders/PQFCirclesInTriangle.m</string>
			<key>sourceTree</key>
			<string>&lt;group&gt;</string>
		</dict>
		<key>C11B4DB619FFD7F40058C794</key>
		<dict>
			<key>fileRef</key>
			<string>C11B4DB119FFD7F40058C794</string>
			<key>isa</key>
			<string>PBXBuildFile</string>
		</dict>
		<key>C11B4DB719FFD7F40058C794</key>
		<dict>
			<key>fileRef</key>
			<string>C11B4DB319FFD7F40058C794</string>
			<key>isa</key>
			<string>PBXBuildFile</string>
		</dict>
		<key>C11B4DB819FFD7F40058C794</key>
		<dict>
			<key>fileRef</key>
			<string>C11B4DB519FFD7F40058C794</string>
			<key>isa</key>
			<string>PBXBuildFile</string>
		</dict>
		<key>C12D904519FFEE7E001497F7</key>
		<dict>
			<key>fileEncoding</key>
			<string>4</string>
			<key>isa</key>
			<string>PBXFileReference</string>
			<key>lastKnownFileType</key>
			<string>sourcecode.c.h</string>
			<key>name</key>
			<string>PQFCustomLoaders.h</string>
			<key>path</key>
			<string>../../PQFCustomLoaders/PQFCustomLoaders.h</string>
			<key>sourceTree</key>
			<string>&lt;group&gt;</string>
		</dict>
		<key>C15200CC1A30C3AC00F7E970</key>
		<dict>
			<key>fileEncoding</key>
			<string>4</string>
			<key>isa</key>
			<string>PBXFileReference</string>
			<key>lastKnownFileType</key>
			<string>sourcecode.c.h</string>
			<key>path</key>
			<string>PQFBallDrop.h</string>
			<key>sourceTree</key>
			<string>&lt;group&gt;</string>
		</dict>
		<key>C15200CD1A30C3AC00F7E970</key>
		<dict>
			<key>fileEncoding</key>
			<string>4</string>
			<key>isa</key>
			<string>PBXFileReference</string>
			<key>lastKnownFileType</key>
			<string>sourcecode.c.objc</string>
			<key>path</key>
			<string>PQFBallDrop.m</string>
			<key>sourceTree</key>
			<string>&lt;group&gt;</string>
		</dict>
		<key>C15200CE1A30C3AC00F7E970</key>
		<dict>
			<key>fileRef</key>
			<string>C15200CD1A30C3AC00F7E970</string>
			<key>isa</key>
			<string>PBXBuildFile</string>
		</dict>
		<key>C186CB8119FFD76100BF1A3A</key>
		<dict>
			<key>children</key>
			<array>
				<string>C186CB8C19FFD76100BF1A3A</string>
				<string>C186CBA619FFD76100BF1A3A</string>
				<string>C186CB8B19FFD76100BF1A3A</string>
				<string>1C0BF94063EAC3D50CD2117A</string>
				<string>14F9F27A8E3A961BB7C57AE4</string>
			</array>
			<key>isa</key>
			<string>PBXGroup</string>
			<key>sourceTree</key>
			<string>&lt;group&gt;</string>
		</dict>
		<key>C186CB8219FFD76100BF1A3A</key>
		<dict>
			<key>attributes</key>
			<dict>
				<key>LastUpgradeCheck</key>
				<string>0600</string>
				<key>ORGANIZATIONNAME</key>
				<string>Pol Quintana</string>
				<key>TargetAttributes</key>
				<dict>
					<key>C186CB8919FFD76100BF1A3A</key>
					<dict>
						<key>CreatedOnToolsVersion</key>
						<string>6.0.1</string>
						<key>DevelopmentTeam</key>
						<string>TT6EHSB5EG</string>
					</dict>
					<key>C186CBA219FFD76100BF1A3A</key>
					<dict>
						<key>CreatedOnToolsVersion</key>
						<string>6.0.1</string>
						<key>DevelopmentTeam</key>
						<string>TT6EHSB5EG</string>
						<key>TestTargetID</key>
						<string>C186CB8919FFD76100BF1A3A</string>
					</dict>
				</dict>
			</dict>
			<key>buildConfigurationList</key>
			<string>C186CB8519FFD76100BF1A3A</string>
			<key>compatibilityVersion</key>
			<string>Xcode 3.2</string>
			<key>developmentRegion</key>
			<string>English</string>
			<key>hasScannedForEncodings</key>
			<string>0</string>
			<key>isa</key>
			<string>PBXProject</string>
			<key>knownRegions</key>
			<array>
				<string>en</string>
				<string>Base</string>
			</array>
			<key>mainGroup</key>
			<string>C186CB8119FFD76100BF1A3A</string>
			<key>productRefGroup</key>
			<string>C186CB8B19FFD76100BF1A3A</string>
			<key>projectDirPath</key>
			<string></string>
			<key>projectReferences</key>
			<array/>
			<key>projectRoot</key>
			<string></string>
			<key>targets</key>
			<array>
				<string>C186CB8919FFD76100BF1A3A</string>
				<string>C186CBA219FFD76100BF1A3A</string>
			</array>
		</dict>
		<key>C186CB8519FFD76100BF1A3A</key>
		<dict>
			<key>buildConfigurations</key>
			<array>
				<string>C186CBAB19FFD76100BF1A3A</string>
				<string>C186CBAC19FFD76100BF1A3A</string>
			</array>
			<key>defaultConfigurationIsVisible</key>
			<string>0</string>
			<key>defaultConfigurationName</key>
			<string>Release</string>
			<key>isa</key>
			<string>XCConfigurationList</string>
		</dict>
		<key>C186CB8619FFD76100BF1A3A</key>
		<dict>
			<key>buildActionMask</key>
			<string>2147483647</string>
			<key>files</key>
			<array>
				<string>C11B4DB619FFD7F40058C794</string>
				<string>C186CB9619FFD76100BF1A3A</string>
				<string>C11B4DB719FFD7F40058C794</string>
				<string>C186CB9319FFD76100BF1A3A</string>
				<string>C11B4DB819FFD7F40058C794</string>
				<string>C186CB9019FFD76100BF1A3A</string>
				<string>C15200CE1A30C3AC00F7E970</string>
			</array>
			<key>isa</key>
			<string>PBXSourcesBuildPhase</string>
			<key>runOnlyForDeploymentPostprocessing</key>
			<string>0</string>
		</dict>
		<key>C186CB8719FFD76100BF1A3A</key>
		<dict>
			<key>buildActionMask</key>
			<string>2147483647</string>
			<key>files</key>
			<array>
				<string>499B915DF617AB9A75EE53AC</string>
			</array>
			<key>isa</key>
			<string>PBXFrameworksBuildPhase</string>
			<key>runOnlyForDeploymentPostprocessing</key>
			<string>0</string>
		</dict>
		<key>C186CB8819FFD76100BF1A3A</key>
		<dict>
			<key>buildActionMask</key>
			<string>2147483647</string>
			<key>files</key>
			<array>
				<string>C186CB9919FFD76100BF1A3A</string>
				<string>C186CB9E19FFD76100BF1A3A</string>
				<string>C186CB9B19FFD76100BF1A3A</string>
			</array>
			<key>isa</key>
			<string>PBXResourcesBuildPhase</string>
			<key>runOnlyForDeploymentPostprocessing</key>
			<string>0</string>
		</dict>
		<key>C186CB8919FFD76100BF1A3A</key>
		<dict>
			<key>buildConfigurationList</key>
			<string>C186CBAD19FFD76100BF1A3A</string>
			<key>buildPhases</key>
			<array>
				<string>E8EA152CF6C84E0B2E2C0DD0</string>
				<string>C186CB8619FFD76100BF1A3A</string>
				<string>C186CB8719FFD76100BF1A3A</string>
				<string>C186CB8819FFD76100BF1A3A</string>
				<string>5A1BF63486FA87BF75012FCF</string>
			</array>
			<key>buildRules</key>
			<array/>
			<key>dependencies</key>
			<array/>
			<key>isa</key>
			<string>PBXNativeTarget</string>
			<key>name</key>
			<string>PQFCustomLoaders</string>
			<key>productName</key>
			<string>PQFCustomLoaders</string>
			<key>productReference</key>
			<string>C186CB8A19FFD76100BF1A3A</string>
			<key>productType</key>
			<string>com.apple.product-type.application</string>
		</dict>
		<key>C186CB8A19FFD76100BF1A3A</key>
		<dict>
			<key>explicitFileType</key>
			<string>wrapper.application</string>
			<key>includeInIndex</key>
			<string>0</string>
			<key>isa</key>
			<string>PBXFileReference</string>
			<key>path</key>
			<string>PQFCustomLoaders.app</string>
			<key>sourceTree</key>
			<string>BUILT_PRODUCTS_DIR</string>
		</dict>
		<key>C186CB8B19FFD76100BF1A3A</key>
		<dict>
			<key>children</key>
			<array>
				<string>C186CB8A19FFD76100BF1A3A</string>
				<string>C186CBA319FFD76100BF1A3A</string>
			</array>
			<key>isa</key>
			<string>PBXGroup</string>
			<key>name</key>
			<string>Products</string>
			<key>sourceTree</key>
			<string>&lt;group&gt;</string>
		</dict>
		<key>C186CB8C19FFD76100BF1A3A</key>
		<dict>
			<key>children</key>
			<array>
				<string>C186CB9119FFD76100BF1A3A</string>
				<string>C186CB9219FFD76100BF1A3A</string>
				<string>C186CB9419FFD76100BF1A3A</string>
				<string>C186CB9519FFD76100BF1A3A</string>
				<string>C186CB9719FFD76100BF1A3A</string>
				<string>C186CB9A19FFD76100BF1A3A</string>
				<string>C186CB9C19FFD76100BF1A3A</string>
				<string>C11B4DA619FFD7A50058C794</string>
				<string>C186CB8D19FFD76100BF1A3A</string>
			</array>
			<key>isa</key>
			<string>PBXGroup</string>
			<key>path</key>
			<string>PQFCustomLoaders</string>
			<key>sourceTree</key>
			<string>&lt;group&gt;</string>
		</dict>
		<key>C186CB8D19FFD76100BF1A3A</key>
		<dict>
			<key>children</key>
			<array>
				<string>C186CB8E19FFD76100BF1A3A</string>
				<string>C186CB8F19FFD76100BF1A3A</string>
			</array>
			<key>isa</key>
			<string>PBXGroup</string>
			<key>name</key>
			<string>Supporting Files</string>
			<key>sourceTree</key>
			<string>&lt;group&gt;</string>
		</dict>
		<key>C186CB8E19FFD76100BF1A3A</key>
		<dict>
			<key>isa</key>
			<string>PBXFileReference</string>
			<key>lastKnownFileType</key>
			<string>text.plist.xml</string>
			<key>path</key>
			<string>Info.plist</string>
			<key>sourceTree</key>
			<string>&lt;group&gt;</string>
		</dict>
		<key>C186CB8F19FFD76100BF1A3A</key>
		<dict>
			<key>isa</key>
			<string>PBXFileReference</string>
			<key>lastKnownFileType</key>
			<string>sourcecode.c.objc</string>
			<key>path</key>
			<string>main.m</string>
			<key>sourceTree</key>
			<string>&lt;group&gt;</string>
		</dict>
		<key>C186CB9019FFD76100BF1A3A</key>
		<dict>
			<key>fileRef</key>
			<string>C186CB8F19FFD76100BF1A3A</string>
			<key>isa</key>
			<string>PBXBuildFile</string>
		</dict>
		<key>C186CB9119FFD76100BF1A3A</key>
		<dict>
			<key>isa</key>
			<string>PBXFileReference</string>
			<key>lastKnownFileType</key>
			<string>sourcecode.c.h</string>
			<key>path</key>
			<string>AppDelegate.h</string>
			<key>sourceTree</key>
			<string>&lt;group&gt;</string>
		</dict>
		<key>C186CB9219FFD76100BF1A3A</key>
		<dict>
			<key>isa</key>
			<string>PBXFileReference</string>
			<key>lastKnownFileType</key>
			<string>sourcecode.c.objc</string>
			<key>path</key>
			<string>AppDelegate.m</string>
			<key>sourceTree</key>
			<string>&lt;group&gt;</string>
		</dict>
		<key>C186CB9319FFD76100BF1A3A</key>
		<dict>
			<key>fileRef</key>
			<string>C186CB9219FFD76100BF1A3A</string>
			<key>isa</key>
			<string>PBXBuildFile</string>
		</dict>
		<key>C186CB9419FFD76100BF1A3A</key>
		<dict>
			<key>isa</key>
			<string>PBXFileReference</string>
			<key>lastKnownFileType</key>
			<string>sourcecode.c.h</string>
			<key>path</key>
			<string>ViewController.h</string>
			<key>sourceTree</key>
			<string>&lt;group&gt;</string>
		</dict>
		<key>C186CB9519FFD76100BF1A3A</key>
		<dict>
			<key>isa</key>
			<string>PBXFileReference</string>
			<key>lastKnownFileType</key>
			<string>sourcecode.c.objc</string>
			<key>path</key>
			<string>ViewController.m</string>
			<key>sourceTree</key>
			<string>&lt;group&gt;</string>
		</dict>
		<key>C186CB9619FFD76100BF1A3A</key>
		<dict>
			<key>fileRef</key>
			<string>C186CB9519FFD76100BF1A3A</string>
			<key>isa</key>
			<string>PBXBuildFile</string>
		</dict>
		<key>C186CB9719FFD76100BF1A3A</key>
		<dict>
			<key>children</key>
			<array>
				<string>C186CB9819FFD76100BF1A3A</string>
			</array>
			<key>isa</key>
			<string>PBXVariantGroup</string>
			<key>name</key>
			<string>Main.storyboard</string>
			<key>sourceTree</key>
			<string>&lt;group&gt;</string>
		</dict>
		<key>C186CB9819FFD76100BF1A3A</key>
		<dict>
			<key>isa</key>
			<string>PBXFileReference</string>
			<key>lastKnownFileType</key>
			<string>file.storyboard</string>
			<key>name</key>
			<string>Base</string>
			<key>path</key>
			<string>Base.lproj/Main.storyboard</string>
			<key>sourceTree</key>
			<string>&lt;group&gt;</string>
		</dict>
		<key>C186CB9919FFD76100BF1A3A</key>
		<dict>
			<key>fileRef</key>
			<string>C186CB9719FFD76100BF1A3A</string>
			<key>isa</key>
			<string>PBXBuildFile</string>
		</dict>
		<key>C186CB9A19FFD76100BF1A3A</key>
		<dict>
			<key>isa</key>
			<string>PBXFileReference</string>
			<key>lastKnownFileType</key>
			<string>folder.assetcatalog</string>
			<key>path</key>
			<string>Images.xcassets</string>
			<key>sourceTree</key>
			<string>&lt;group&gt;</string>
		</dict>
		<key>C186CB9B19FFD76100BF1A3A</key>
		<dict>
			<key>fileRef</key>
			<string>C186CB9A19FFD76100BF1A3A</string>
			<key>isa</key>
			<string>PBXBuildFile</string>
		</dict>
		<key>C186CB9C19FFD76100BF1A3A</key>
		<dict>
			<key>children</key>
			<array>
				<string>C186CB9D19FFD76100BF1A3A</string>
			</array>
			<key>isa</key>
			<string>PBXVariantGroup</string>
			<key>name</key>
			<string>LaunchScreen.xib</string>
			<key>sourceTree</key>
			<string>&lt;group&gt;</string>
		</dict>
		<key>C186CB9D19FFD76100BF1A3A</key>
		<dict>
			<key>isa</key>
			<string>PBXFileReference</string>
			<key>lastKnownFileType</key>
			<string>file.xib</string>
			<key>name</key>
			<string>Base</string>
			<key>path</key>
			<string>Base.lproj/LaunchScreen.xib</string>
			<key>sourceTree</key>
			<string>&lt;group&gt;</string>
		</dict>
		<key>C186CB9E19FFD76100BF1A3A</key>
		<dict>
			<key>fileRef</key>
			<string>C186CB9C19FFD76100BF1A3A</string>
			<key>isa</key>
			<string>PBXBuildFile</string>
		</dict>
		<key>C186CB9F19FFD76100BF1A3A</key>
		<dict>
			<key>buildActionMask</key>
			<string>2147483647</string>
			<key>files</key>
			<array>
				<string>C186CBAA19FFD76100BF1A3A</string>
			</array>
			<key>isa</key>
			<string>PBXSourcesBuildPhase</string>
			<key>runOnlyForDeploymentPostprocessing</key>
			<string>0</string>
		</dict>
		<key>C186CBA019FFD76100BF1A3A</key>
		<dict>
			<key>buildActionMask</key>
			<string>2147483647</string>
			<key>files</key>
			<array/>
			<key>isa</key>
			<string>PBXFrameworksBuildPhase</string>
			<key>runOnlyForDeploymentPostprocessing</key>
			<string>0</string>
		</dict>
		<key>C186CBA119FFD76100BF1A3A</key>
		<dict>
			<key>buildActionMask</key>
			<string>2147483647</string>
			<key>files</key>
			<array/>
			<key>isa</key>
			<string>PBXResourcesBuildPhase</string>
			<key>runOnlyForDeploymentPostprocessing</key>
			<string>0</string>
		</dict>
		<key>C186CBA219FFD76100BF1A3A</key>
		<dict>
			<key>buildConfigurationList</key>
			<string>C186CBB019FFD76100BF1A3A</string>
			<key>buildPhases</key>
			<array>
				<string>C186CB9F19FFD76100BF1A3A</string>
				<string>C186CBA019FFD76100BF1A3A</string>
				<string>C186CBA119FFD76100BF1A3A</string>
			</array>
			<key>buildRules</key>
			<array/>
			<key>dependencies</key>
			<array>
				<string>C186CBA519FFD76100BF1A3A</string>
			</array>
			<key>isa</key>
			<string>PBXNativeTarget</string>
			<key>name</key>
			<string>PQFCustomLoadersTests</string>
			<key>productName</key>
			<string>PQFCustomLoadersTests</string>
			<key>productReference</key>
			<string>C186CBA319FFD76100BF1A3A</string>
			<key>productType</key>
			<string>com.apple.product-type.bundle.unit-test</string>
		</dict>
		<key>C186CBA319FFD76100BF1A3A</key>
		<dict>
			<key>explicitFileType</key>
			<string>wrapper.cfbundle</string>
			<key>includeInIndex</key>
			<string>0</string>
			<key>isa</key>
			<string>PBXFileReference</string>
			<key>path</key>
			<string>PQFCustomLoadersTests.xctest</string>
			<key>sourceTree</key>
			<string>BUILT_PRODUCTS_DIR</string>
		</dict>
		<key>C186CBA419FFD76100BF1A3A</key>
		<dict>
			<key>containerPortal</key>
			<string>C186CB8219FFD76100BF1A3A</string>
			<key>isa</key>
			<string>PBXContainerItemProxy</string>
			<key>proxyType</key>
			<string>1</string>
			<key>remoteGlobalIDString</key>
			<string>C186CB8919FFD76100BF1A3A</string>
			<key>remoteInfo</key>
			<string>PQFCustomLoaders</string>
		</dict>
		<key>C186CBA519FFD76100BF1A3A</key>
		<dict>
			<key>isa</key>
			<string>PBXTargetDependency</string>
			<key>target</key>
			<string>C186CB8919FFD76100BF1A3A</string>
			<key>targetProxy</key>
			<string>C186CBA419FFD76100BF1A3A</string>
		</dict>
		<key>C186CBA619FFD76100BF1A3A</key>
		<dict>
			<key>children</key>
			<array>
				<string>C186CBA919FFD76100BF1A3A</string>
				<string>C186CBA719FFD76100BF1A3A</string>
			</array>
			<key>isa</key>
			<string>PBXGroup</string>
			<key>path</key>
			<string>PQFCustomLoadersTests</string>
			<key>sourceTree</key>
			<string>&lt;group&gt;</string>
		</dict>
		<key>C186CBA719FFD76100BF1A3A</key>
		<dict>
			<key>children</key>
			<array>
				<string>C186CBA819FFD76100BF1A3A</string>
			</array>
			<key>isa</key>
			<string>PBXGroup</string>
			<key>name</key>
			<string>Supporting Files</string>
			<key>sourceTree</key>
			<string>&lt;group&gt;</string>
		</dict>
		<key>C186CBA819FFD76100BF1A3A</key>
		<dict>
			<key>isa</key>
			<string>PBXFileReference</string>
			<key>lastKnownFileType</key>
			<string>text.plist.xml</string>
			<key>path</key>
			<string>Info.plist</string>
			<key>sourceTree</key>
			<string>&lt;group&gt;</string>
		</dict>
		<key>C186CBA919FFD76100BF1A3A</key>
		<dict>
			<key>isa</key>
			<string>PBXFileReference</string>
			<key>lastKnownFileType</key>
			<string>sourcecode.c.objc</string>
			<key>path</key>
			<string>PQFCustomLoadersTests.m</string>
			<key>sourceTree</key>
			<string>&lt;group&gt;</string>
		</dict>
		<key>C186CBAA19FFD76100BF1A3A</key>
		<dict>
			<key>fileRef</key>
			<string>C186CBA919FFD76100BF1A3A</string>
			<key>isa</key>
			<string>PBXBuildFile</string>
		</dict>
		<key>C186CBAB19FFD76100BF1A3A</key>
		<dict>
			<key>buildSettings</key>
			<dict>
				<key>ALWAYS_SEARCH_USER_PATHS</key>
				<string>NO</string>
				<key>CLANG_CXX_LANGUAGE_STANDARD</key>
				<string>gnu++0x</string>
				<key>CLANG_CXX_LIBRARY</key>
				<string>libc++</string>
				<key>CLANG_ENABLE_MODULES</key>
				<string>YES</string>
				<key>CLANG_ENABLE_OBJC_ARC</key>
				<string>YES</string>
				<key>CLANG_WARN_BOOL_CONVERSION</key>
				<string>YES</string>
				<key>CLANG_WARN_CONSTANT_CONVERSION</key>
				<string>YES</string>
				<key>CLANG_WARN_DIRECT_OBJC_ISA_USAGE</key>
				<string>YES_ERROR</string>
				<key>CLANG_WARN_EMPTY_BODY</key>
				<string>YES</string>
				<key>CLANG_WARN_ENUM_CONVERSION</key>
				<string>YES</string>
				<key>CLANG_WARN_INT_CONVERSION</key>
				<string>YES</string>
				<key>CLANG_WARN_OBJC_ROOT_CLASS</key>
				<string>YES_ERROR</string>
				<key>CLANG_WARN_UNREACHABLE_CODE</key>
				<string>YES</string>
				<key>CLANG_WARN__DUPLICATE_METHOD_MATCH</key>
				<string>YES</string>
				<key>CODE_SIGN_IDENTITY[sdk=iphoneos*]</key>
				<string>iPhone Developer</string>
				<key>COPY_PHASE_STRIP</key>
				<string>NO</string>
				<key>ENABLE_STRICT_OBJC_MSGSEND</key>
				<string>YES</string>
				<key>GCC_C_LANGUAGE_STANDARD</key>
				<string>gnu99</string>
				<key>GCC_DYNAMIC_NO_PIC</key>
				<string>NO</string>
				<key>GCC_OPTIMIZATION_LEVEL</key>
				<string>0</string>
				<key>GCC_PREPROCESSOR_DEFINITIONS</key>
				<array>
					<string>DEBUG=1</string>
					<string>$(inherited)</string>
				</array>
				<key>GCC_SYMBOLS_PRIVATE_EXTERN</key>
				<string>NO</string>
				<key>GCC_WARN_64_TO_32_BIT_CONVERSION</key>
				<string>YES</string>
				<key>GCC_WARN_ABOUT_RETURN_TYPE</key>
				<string>YES_ERROR</string>
				<key>GCC_WARN_UNDECLARED_SELECTOR</key>
				<string>YES</string>
				<key>GCC_WARN_UNINITIALIZED_AUTOS</key>
				<string>YES_AGGRESSIVE</string>
				<key>GCC_WARN_UNUSED_FUNCTION</key>
				<string>YES</string>
				<key>GCC_WARN_UNUSED_VARIABLE</key>
				<string>YES</string>
				<key>IPHONEOS_DEPLOYMENT_TARGET</key>
				<string>8.0</string>
				<key>MTL_ENABLE_DEBUG_INFO</key>
				<string>YES</string>
				<key>ONLY_ACTIVE_ARCH</key>
				<string>YES</string>
				<key>SDKROOT</key>
				<string>iphoneos</string>
				<key>TARGETED_DEVICE_FAMILY</key>
				<string>1,2</string>
			</dict>
			<key>isa</key>
			<string>XCBuildConfiguration</string>
			<key>name</key>
			<string>Debug</string>
		</dict>
		<key>C186CBAC19FFD76100BF1A3A</key>
		<dict>
			<key>buildSettings</key>
			<dict>
				<key>ALWAYS_SEARCH_USER_PATHS</key>
				<string>NO</string>
				<key>CLANG_CXX_LANGUAGE_STANDARD</key>
				<string>gnu++0x</string>
				<key>CLANG_CXX_LIBRARY</key>
				<string>libc++</string>
				<key>CLANG_ENABLE_MODULES</key>
				<string>YES</string>
				<key>CLANG_ENABLE_OBJC_ARC</key>
				<string>YES</string>
				<key>CLANG_WARN_BOOL_CONVERSION</key>
				<string>YES</string>
				<key>CLANG_WARN_CONSTANT_CONVERSION</key>
				<string>YES</string>
				<key>CLANG_WARN_DIRECT_OBJC_ISA_USAGE</key>
				<string>YES_ERROR</string>
				<key>CLANG_WARN_EMPTY_BODY</key>
				<string>YES</string>
				<key>CLANG_WARN_ENUM_CONVERSION</key>
				<string>YES</string>
				<key>CLANG_WARN_INT_CONVERSION</key>
				<string>YES</string>
				<key>CLANG_WARN_OBJC_ROOT_CLASS</key>
				<string>YES_ERROR</string>
				<key>CLANG_WARN_UNREACHABLE_CODE</key>
				<string>YES</string>
				<key>CLANG_WARN__DUPLICATE_METHOD_MATCH</key>
				<string>YES</string>
				<key>CODE_SIGN_IDENTITY[sdk=iphoneos*]</key>
				<string>iPhone Developer</string>
				<key>COPY_PHASE_STRIP</key>
				<string>YES</string>
				<key>ENABLE_NS_ASSERTIONS</key>
				<string>NO</string>
				<key>ENABLE_STRICT_OBJC_MSGSEND</key>
				<string>YES</string>
				<key>GCC_C_LANGUAGE_STANDARD</key>
				<string>gnu99</string>
				<key>GCC_WARN_64_TO_32_BIT_CONVERSION</key>
				<string>YES</string>
				<key>GCC_WARN_ABOUT_RETURN_TYPE</key>
				<string>YES_ERROR</string>
				<key>GCC_WARN_UNDECLARED_SELECTOR</key>
				<string>YES</string>
				<key>GCC_WARN_UNINITIALIZED_AUTOS</key>
				<string>YES_AGGRESSIVE</string>
				<key>GCC_WARN_UNUSED_FUNCTION</key>
				<string>YES</string>
				<key>GCC_WARN_UNUSED_VARIABLE</key>
				<string>YES</string>
				<key>IPHONEOS_DEPLOYMENT_TARGET</key>
				<string>8.0</string>
				<key>MTL_ENABLE_DEBUG_INFO</key>
				<string>NO</string>
				<key>SDKROOT</key>
				<string>iphoneos</string>
				<key>TARGETED_DEVICE_FAMILY</key>
				<string>1,2</string>
				<key>VALIDATE_PRODUCT</key>
				<string>YES</string>
			</dict>
			<key>isa</key>
			<string>XCBuildConfiguration</string>
			<key>name</key>
			<string>Release</string>
		</dict>
		<key>C186CBAD19FFD76100BF1A3A</key>
		<dict>
			<key>buildConfigurations</key>
			<array>
				<string>C186CBAE19FFD76100BF1A3A</string>
				<string>C186CBAF19FFD76100BF1A3A</string>
			</array>
			<key>defaultConfigurationIsVisible</key>
			<string>0</string>
			<key>defaultConfigurationName</key>
			<string>Release</string>
			<key>isa</key>
			<string>XCConfigurationList</string>
		</dict>
		<key>C186CBAE19FFD76100BF1A3A</key>
		<dict>
			<key>baseConfigurationReference</key>
			<string>0CEEA37AEE4F9D43E4448479</string>
			<key>buildSettings</key>
			<dict>
				<key>ASSETCATALOG_COMPILER_APPICON_NAME</key>
				<string>AppIcon</string>
				<key>INFOPLIST_FILE</key>
				<string>PQFCustomLoaders/Info.plist</string>
				<key>LD_RUNPATH_SEARCH_PATHS</key>
				<string>$(inherited) @executable_path/Frameworks</string>
				<key>PRODUCT_NAME</key>
				<string>$(TARGET_NAME)</string>
			</dict>
			<key>isa</key>
			<string>XCBuildConfiguration</string>
			<key>name</key>
			<string>Debug</string>
		</dict>
		<key>C186CBAF19FFD76100BF1A3A</key>
		<dict>
			<key>baseConfigurationReference</key>
			<string>802A45B5E9CEB0C12EFE5F28</string>
			<key>buildSettings</key>
			<dict>
				<key>ASSETCATALOG_COMPILER_APPICON_NAME</key>
				<string>AppIcon</string>
				<key>INFOPLIST_FILE</key>
				<string>PQFCustomLoaders/Info.plist</string>
				<key>LD_RUNPATH_SEARCH_PATHS</key>
				<string>$(inherited) @executable_path/Frameworks</string>
				<key>PRODUCT_NAME</key>
				<string>$(TARGET_NAME)</string>
			</dict>
			<key>isa</key>
			<string>XCBuildConfiguration</string>
			<key>name</key>
			<string>Release</string>
		</dict>
		<key>C186CBB019FFD76100BF1A3A</key>
		<dict>
			<key>buildConfigurations</key>
			<array>
				<string>C186CBB119FFD76100BF1A3A</string>
				<string>C186CBB219FFD76100BF1A3A</string>
			</array>
			<key>defaultConfigurationIsVisible</key>
			<string>0</string>
			<key>defaultConfigurationName</key>
			<string>Release</string>
			<key>isa</key>
			<string>XCConfigurationList</string>
		</dict>
		<key>C186CBB119FFD76100BF1A3A</key>
		<dict>
			<key>buildSettings</key>
			<dict>
				<key>BUNDLE_LOADER</key>
				<string>$(TEST_HOST)</string>
				<key>CODE_SIGN_IDENTITY</key>
				<string>iPhone Developer</string>
				<key>CODE_SIGN_IDENTITY[sdk=iphoneos*]</key>
				<string>iPhone Developer</string>
				<key>FRAMEWORK_SEARCH_PATHS</key>
				<array>
					<string>$(SDKROOT)/Developer/Library/Frameworks</string>
					<string>$(inherited)</string>
				</array>
				<key>GCC_PREPROCESSOR_DEFINITIONS</key>
				<array>
					<string>DEBUG=1</string>
					<string>$(inherited)</string>
				</array>
				<key>INFOPLIST_FILE</key>
				<string>PQFCustomLoadersTests/Info.plist</string>
				<key>LD_RUNPATH_SEARCH_PATHS</key>
				<string>$(inherited) @executable_path/Frameworks @loader_path/Frameworks</string>
				<key>PRODUCT_NAME</key>
				<string>$(TARGET_NAME)</string>
				<key>PROVISIONING_PROFILE</key>
				<string></string>
				<key>TEST_HOST</key>
				<string>$(BUILT_PRODUCTS_DIR)/PQFCustomLoaders.app/PQFCustomLoaders</string>
			</dict>
			<key>isa</key>
			<string>XCBuildConfiguration</string>
			<key>name</key>
			<string>Debug</string>
		</dict>
		<key>C186CBB219FFD76100BF1A3A</key>
		<dict>
			<key>buildSettings</key>
			<dict>
				<key>BUNDLE_LOADER</key>
				<string>$(TEST_HOST)</string>
				<key>CODE_SIGN_IDENTITY</key>
				<string>iPhone Developer</string>
				<key>CODE_SIGN_IDENTITY[sdk=iphoneos*]</key>
				<string>iPhone Developer</string>
				<key>FRAMEWORK_SEARCH_PATHS</key>
				<array>
					<string>$(SDKROOT)/Developer/Library/Frameworks</string>
					<string>$(inherited)</string>
				</array>
				<key>INFOPLIST_FILE</key>
				<string>PQFCustomLoadersTests/Info.plist</string>
				<key>LD_RUNPATH_SEARCH_PATHS</key>
				<string>$(inherited) @executable_path/Frameworks @loader_path/Frameworks</string>
				<key>PRODUCT_NAME</key>
				<string>$(TARGET_NAME)</string>
				<key>PROVISIONING_PROFILE</key>
				<string></string>
				<key>TEST_HOST</key>
				<string>$(BUILT_PRODUCTS_DIR)/PQFCustomLoaders.app/PQFCustomLoaders</string>
			</dict>
			<key>isa</key>
			<string>XCBuildConfiguration</string>
			<key>name</key>
			<string>Release</string>
		</dict>
		<key>E8EA152CF6C84E0B2E2C0DD0</key>
		<dict>
			<key>buildActionMask</key>
			<string>2147483647</string>
			<key>files</key>
			<array/>
			<key>inputPaths</key>
			<array/>
			<key>isa</key>
			<string>PBXShellScriptBuildPhase</string>
			<key>name</key>
			<string>Check Pods Manifest.lock</string>
			<key>outputPaths</key>
			<array/>
			<key>runOnlyForDeploymentPostprocessing</key>
			<string>0</string>
			<key>shellPath</key>
			<string>/bin/sh</string>
			<key>shellScript</key>
			<string>diff "${PODS_ROOT}/../Podfile.lock" "${PODS_ROOT}/Manifest.lock" &gt; /dev/null
if [[ $? != 0 ]] ; then
    cat &lt;&lt; EOM
error: The sandbox is not in sync with the Podfile.lock. Run 'pod install' or update your CocoaPods installation.
EOM
    exit 1
fi
</string>
			<key>showEnvVarsInLog</key>
			<string>0</string>
		</dict>
	</dict>
	<key>rootObject</key>
	<string>C186CB8219FFD76100BF1A3A</string>
</dict>
</plist>
